// !$*UTF8*$!
{
	archiveVersion = 1;
	classes = {
	};
	objectVersion = 46;
	objects = {

/* Begin PBXBuildFile section */
		3EFEB4A88457872391EB5F95 /* Pods_pokedex.framework in Frameworks */ = {isa = PBXBuildFile; fileRef = 2EF1F0B5DA0BD55942E1398C /* Pods_pokedex.framework */; };
		8000753D1E37C61A00CAB793 /* csv.swift in Sources */ = {isa = PBXBuildFile; fileRef = 8000753C1E37C61A00CAB793 /* csv.swift */; };
		8000E18A1E281D930040E396 /* pokemon.csv in Resources */ = {isa = PBXBuildFile; fileRef = 8000E1891E281D930040E396 /* pokemon.csv */; };
		8000E18D1E281FD80040E396 /* Pokemon.swift in Sources */ = {isa = PBXBuildFile; fileRef = 8000E18C1E281FD80040E396 /* Pokemon.swift */; };
		8026A5E71E281A3400D03817 /* AppDelegate.swift in Sources */ = {isa = PBXBuildFile; fileRef = 8026A5E61E281A3400D03817 /* AppDelegate.swift */; };
		8026A5E91E281A3400D03817 /* ViewController.swift in Sources */ = {isa = PBXBuildFile; fileRef = 8026A5E81E281A3400D03817 /* ViewController.swift */; };
		8026A5EC1E281A3400D03817 /* Main.storyboard in Resources */ = {isa = PBXBuildFile; fileRef = 8026A5EA1E281A3400D03817 /* Main.storyboard */; };
		8026A5EE1E281A3400D03817 /* Assets.xcassets in Resources */ = {isa = PBXBuildFile; fileRef = 8026A5ED1E281A3400D03817 /* Assets.xcassets */; };
		8026A5F11E281A3400D03817 /* LaunchScreen.storyboard in Resources */ = {isa = PBXBuildFile; fileRef = 8026A5EF1E281A3400D03817 /* LaunchScreen.storyboard */; };
		80F2A87B1E36BF8A002EEA01 /* PokeCell.swift in Sources */ = {isa = PBXBuildFile; fileRef = 80F2A87A1E36BF8A002EEA01 /* PokeCell.swift */; };
/* End PBXBuildFile section */

/* Begin PBXFileReference section */
		2EF1F0B5DA0BD55942E1398C /* Pods_pokedex.framework */ = {isa = PBXFileReference; explicitFileType = wrapper.framework; includeInIndex = 0; path = Pods_pokedex.framework; sourceTree = BUILT_PRODUCTS_DIR; };
		557A7BB158D57731E87FDD64 /* Pods-pokedex.debug.xcconfig */ = {isa = PBXFileReference; includeInIndex = 1; lastKnownFileType = text.xcconfig; name = "Pods-pokedex.debug.xcconfig"; path = "Pods/Target Support Files/Pods-pokedex/Pods-pokedex.debug.xcconfig"; sourceTree = "<group>"; };
		7F711858837CA7B90E0D1810 /* Pods-pokedex.release.xcconfig */ = {isa = PBXFileReference; includeInIndex = 1; lastKnownFileType = text.xcconfig; name = "Pods-pokedex.release.xcconfig"; path = "Pods/Target Support Files/Pods-pokedex/Pods-pokedex.release.xcconfig"; sourceTree = "<group>"; };
		8000753C1E37C61A00CAB793 /* csv.swift */ = {isa = PBXFileReference; fileEncoding = 4; lastKnownFileType = sourcecode.swift; path = csv.swift; sourceTree = "<group>"; };
		8000E1891E281D930040E396 /* pokemon.csv */ = {isa = PBXFileReference; fileEncoding = 4; lastKnownFileType = text; path = pokemon.csv; sourceTree = "<group>"; };
		8000E18C1E281FD80040E396 /* Pokemon.swift */ = {isa = PBXFileReference; fileEncoding = 4; lastKnownFileType = sourcecode.swift; path = Pokemon.swift; sourceTree = "<group>"; };
		8026A5E31E281A3400D03817 /* pokedex.app */ = {isa = PBXFileReference; explicitFileType = wrapper.application; includeInIndex = 0; path = pokedex.app; sourceTree = BUILT_PRODUCTS_DIR; };
		8026A5E61E281A3400D03817 /* AppDelegate.swift */ = {isa = PBXFileReference; lastKnownFileType = sourcecode.swift; path = AppDelegate.swift; sourceTree = "<group>"; };
		8026A5E81E281A3400D03817 /* ViewController.swift */ = {isa = PBXFileReference; lastKnownFileType = sourcecode.swift; path = ViewController.swift; sourceTree = "<group>"; };
		8026A5EB1E281A3400D03817 /* Base */ = {isa = PBXFileReference; lastKnownFileType = file.storyboard; name = Base; path = Base.lproj/Main.storyboard; sourceTree = "<group>"; };
		8026A5ED1E281A3400D03817 /* Assets.xcassets */ = {isa = PBXFileReference; lastKnownFileType = folder.assetcatalog; path = Assets.xcassets; sourceTree = "<group>"; };
		8026A5F01E281A3400D03817 /* Base */ = {isa = PBXFileReference; lastKnownFileType = file.storyboard; name = Base; path = Base.lproj/LaunchScreen.storyboard; sourceTree = "<group>"; };
		8026A5F21E281A3400D03817 /* Info.plist */ = {isa = PBXFileReference; lastKnownFileType = text.plist.xml; path = Info.plist; sourceTree = "<group>"; };
		80F2A87A1E36BF8A002EEA01 /* PokeCell.swift */ = {isa = PBXFileReference; fileEncoding = 4; lastKnownFileType = sourcecode.swift; path = PokeCell.swift; sourceTree = "<group>"; };
/* End PBXFileReference section */

/* Begin PBXFrameworksBuildPhase section */
		8026A5E01E281A3400D03817 /* Frameworks */ = {
			isa = PBXFrameworksBuildPhase;
			buildActionMask = 2147483647;
			files = (
				3EFEB4A88457872391EB5F95 /* Pods_pokedex.framework in Frameworks */,
			);
			runOnlyForDeploymentPostprocessing = 0;
		};
/* End PBXFrameworksBuildPhase section */

/* Begin PBXGroup section */
		8000E18B1E281FC60040E396 /* Model */ = {
			isa = PBXGroup;
			children = (
				8000E18C1E281FD80040E396 /* Pokemon.swift */,
			);
			name = Model;
			sourceTree = "<group>";
		};
		8026A5DA1E281A3400D03817 = {
			isa = PBXGroup;
			children = (
				8026A5E51E281A3400D03817 /* pokedex */,
				8026A5E41E281A3400D03817 /* Products */,
				C08FEAF6572260E41B7D3FA3 /* Pods */,
				FD8F3DEDC592532D115F55EC /* Frameworks */,
			);
			sourceTree = "<group>";
		};
		8026A5E41E281A3400D03817 /* Products */ = {
			isa = PBXGroup;
			children = (
				8026A5E31E281A3400D03817 /* pokedex.app */,
			);
			name = Products;
			sourceTree = "<group>";
		};
		8026A5E51E281A3400D03817 /* pokedex */ = {
			isa = PBXGroup;
			children = (
				80F2A8791E36BF57002EEA01 /* VIew */,
				8000E18B1E281FC60040E396 /* Model */,
				8026A5E61E281A3400D03817 /* AppDelegate.swift */,
				8026A5E81E281A3400D03817 /* ViewController.swift */,
				8026A5EA1E281A3400D03817 /* Main.storyboard */,
				8026A5ED1E281A3400D03817 /* Assets.xcassets */,
				8000E1891E281D930040E396 /* pokemon.csv */,
				8000753C1E37C61A00CAB793 /* csv.swift */,
				8026A5EF1E281A3400D03817 /* LaunchScreen.storyboard */,
				8026A5F21E281A3400D03817 /* Info.plist */,
			);
			path = pokedex;
			sourceTree = "<group>";
		};
		80F2A8791E36BF57002EEA01 /* VIew */ = {
			isa = PBXGroup;
			children = (
				80F2A87A1E36BF8A002EEA01 /* PokeCell.swift */,
			);
			name = VIew;
			sourceTree = "<group>";
		};
		C08FEAF6572260E41B7D3FA3 /* Pods */ = {
			isa = PBXGroup;
			children = (
				557A7BB158D57731E87FDD64 /* Pods-pokedex.debug.xcconfig */,
				7F711858837CA7B90E0D1810 /* Pods-pokedex.release.xcconfig */,
			);
			name = Pods;
			sourceTree = "<group>";
		};
		FD8F3DEDC592532D115F55EC /* Frameworks */ = {
			isa = PBXGroup;
			children = (
				2EF1F0B5DA0BD55942E1398C /* Pods_pokedex.framework */,
			);
			name = Frameworks;
			sourceTree = "<group>";
		};
/* End PBXGroup section */

/* Begin PBXNativeTarget section */
		8026A5E21E281A3400D03817 /* pokedex */ = {
			isa = PBXNativeTarget;
			buildConfigurationList = 8026A5F51E281A3400D03817 /* Build configuration list for PBXNativeTarget "pokedex" */;
			buildPhases = (
				56081495B2AC4423F51AA3E6 /* [CP] Check Pods Manifest.lock */,
				8026A5DF1E281A3400D03817 /* Sources */,
				8026A5E01E281A3400D03817 /* Frameworks */,
				8026A5E11E281A3400D03817 /* Resources */,
				7B92EFA016F7927B853C7CFE /* [CP] Embed Pods Frameworks */,
				51B2752E1F30EBBDBFEC8BFA /* [CP] Copy Pods Resources */,
			);
			buildRules = (
			);
			dependencies = (
			);
			name = pokedex;
			productName = pokedex;
			productReference = 8026A5E31E281A3400D03817 /* pokedex.app */;
			productType = "com.apple.product-type.application";
		};
/* End PBXNativeTarget section */

/* Begin PBXProject section */
		8026A5DB1E281A3400D03817 /* Project object */ = {
			isa = PBXProject;
			attributes = {
				LastSwiftUpdateCheck = 0810;
				LastUpgradeCheck = 0820;
				ORGANIZATIONNAME = "Humberto Sanchez";
				TargetAttributes = {
					8026A5E21E281A3400D03817 = {
						CreatedOnToolsVersion = 8.1;
						DevelopmentTeam = 56P9LV879B;
						LastSwiftMigration = 0810;
						ProvisioningStyle = Automatic;
					};
				};
			};
			buildConfigurationList = 8026A5DE1E281A3400D03817 /* Build configuration list for PBXProject "pokedex" */;
			compatibilityVersion = "Xcode 3.2";
			developmentRegion = English;
			hasScannedForEncodings = 0;
			knownRegions = (
				en,
				Base,
			);
			mainGroup = 8026A5DA1E281A3400D03817;
			productRefGroup = 8026A5E41E281A3400D03817 /* Products */;
			projectDirPath = "";
			projectRoot = "";
			targets = (
				8026A5E21E281A3400D03817 /* pokedex */,
			);
		};
/* End PBXProject section */

/* Begin PBXResourcesBuildPhase section */
		8026A5E11E281A3400D03817 /* Resources */ = {
			isa = PBXResourcesBuildPhase;
			buildActionMask = 2147483647;
			files = (
				8026A5F11E281A3400D03817 /* LaunchScreen.storyboard in Resources */,
				8026A5EE1E281A3400D03817 /* Assets.xcassets in Resources */,
				8000E18A1E281D930040E396 /* pokemon.csv in Resources */,
				8026A5EC1E281A3400D03817 /* Main.storyboard in Resources */,
			);
			runOnlyForDeploymentPostprocessing = 0;
		};
/* End PBXResourcesBuildPhase section */

/* Begin PBXShellScriptBuildPhase section */
		51B2752E1F30EBBDBFEC8BFA /* [CP] Copy Pods Resources */ = {
			isa = PBXShellScriptBuildPhase;
			buildActionMask = 2147483647;
			files = (
			);
			inputPaths = (
			);
			name = "[CP] Copy Pods Resources";
			outputPaths = (
			);
			runOnlyForDeploymentPostprocessing = 0;
			shellPath = /bin/sh;
			shellScript = "\"${SRCROOT}/Pods/Target Support Files/Pods-pokedex/Pods-pokedex-resources.sh\"\n";
			showEnvVarsInLog = 0;
		};
		56081495B2AC4423F51AA3E6 /* [CP] Check Pods Manifest.lock */ = {
			isa = PBXShellScriptBuildPhase;
			buildActionMask = 2147483647;
			files = (
			);
			inputPaths = (
			);
			name = "[CP] Check Pods Manifest.lock";
			outputPaths = (
			);
			runOnlyForDeploymentPostprocessing = 0;
			shellPath = /bin/sh;
			shellScript = "diff \"${PODS_ROOT}/../Podfile.lock\" \"${PODS_ROOT}/Manifest.lock\" > /dev/null\nif [ $? != 0 ] ; then\n    # print error to STDERR\n    echo \"error: The sandbox is not in sync with the Podfile.lock. Run 'pod install' or update your CocoaPods installation.\" >&2\n    exit 1\nfi\n";
			showEnvVarsInLog = 0;
		};
		7B92EFA016F7927B853C7CFE /* [CP] Embed Pods Frameworks */ = {
			isa = PBXShellScriptBuildPhase;
			buildActionMask = 2147483647;
			files = (
			);
			inputPaths = (
			);
			name = "[CP] Embed Pods Frameworks";
			outputPaths = (
			);
			runOnlyForDeploymentPostprocessing = 0;
			shellPath = /bin/sh;
			shellScript = "\"${SRCROOT}/Pods/Target Support Files/Pods-pokedex/Pods-pokedex-frameworks.sh\"\n";
			showEnvVarsInLog = 0;
		};
/* End PBXShellScriptBuildPhase section */

/* Begin PBXSourcesBuildPhase section */
		8026A5DF1E281A3400D03817 /* Sources */ = {
			isa = PBXSourcesBuildPhase;
			buildActionMask = 2147483647;
			files = (
				80F2A87B1E36BF8A002EEA01 /* PokeCell.swift in Sources */,
				8026A5E91E281A3400D03817 /* ViewController.swift in Sources */,
				8026A5E71E281A3400D03817 /* AppDelegate.swift in Sources */,
				8000E18D1E281FD80040E396 /* Pokemon.swift in Sources */,
				8000753D1E37C61A00CAB793 /* csv.swift in Sources */,
			);
			runOnlyForDeploymentPostprocessing = 0;
		};
/* End PBXSourcesBuildPhase section */

/* Begin PBXVariantGroup section */
		8026A5EA1E281A3400D03817 /* Main.storyboard */ = {
			isa = PBXVariantGroup;
			children = (
				8026A5EB1E281A3400D03817 /* Base */,
			);
			name = Main.storyboard;
			sourceTree = "<group>";
		};
		8026A5EF1E281A3400D03817 /* LaunchScreen.storyboard */ = {
			isa = PBXVariantGroup;
			children = (
				8026A5F01E281A3400D03817 /* Base */,
			);
			name = LaunchScreen.storyboard;
			sourceTree = "<group>";
		};
/* End PBXVariantGroup section */

/* Begin XCBuildConfiguration section */
		8026A5F31E281A3400D03817 /* Debug */ = {
			isa = XCBuildConfiguration;
			buildSettings = {
				ALWAYS_SEARCH_USER_PATHS = NO;
				CLANG_ANALYZER_NONNULL = YES;
				CLANG_CXX_LANGUAGE_STANDARD = "gnu++0x";
				CLANG_CXX_LIBRARY = "libc++";
				CLANG_ENABLE_MODULES = YES;
				CLANG_ENABLE_OBJC_ARC = YES;
				CLANG_WARN_BOOL_CONVERSION = YES;
				CLANG_WARN_CONSTANT_CONVERSION = YES;
				CLANG_WARN_DIRECT_OBJC_ISA_USAGE = YES_ERROR;
				CLANG_WARN_DOCUMENTATION_COMMENTS = YES;
				CLANG_WARN_EMPTY_BODY = YES;
				CLANG_WARN_ENUM_CONVERSION = YES;
				CLANG_WARN_INFINITE_RECURSION = YES;
				CLANG_WARN_INT_CONVERSION = YES;
				CLANG_WARN_OBJC_ROOT_CLASS = YES_ERROR;
				CLANG_WARN_SUSPICIOUS_MOVE = YES;
				CLANG_WARN_SUSPICIOUS_MOVES = YES;
				CLANG_WARN_UNREACHABLE_CODE = YES;
				CLANG_WARN__DUPLICATE_METHOD_MATCH = YES;
				"CODE_SIGN_IDENTITY[sdk=iphoneos*]" = "iPhone Developer";
				COPY_PHASE_STRIP = NO;
				DEBUG_INFORMATION_FORMAT = dwarf;
				ENABLE_STRICT_OBJC_MSGSEND = YES;
				ENABLE_TESTABILITY = YES;
				GCC_C_LANGUAGE_STANDARD = gnu99;
				GCC_DYNAMIC_NO_PIC = NO;
				GCC_NO_COMMON_BLOCKS = YES;
				GCC_OPTIMIZATION_LEVEL = 0;
				GCC_PREPROCESSOR_DEFINITIONS = (
					"DEBUG=1",
					"$(inherited)",
				);
				GCC_WARN_64_TO_32_BIT_CONVERSION = YES;
				GCC_WARN_ABOUT_RETURN_TYPE = YES_ERROR;
				GCC_WARN_UNDECLARED_SELECTOR = YES;
				GCC_WARN_UNINITIALIZED_AUTOS = YES_AGGRESSIVE;
				GCC_WARN_UNUSED_FUNCTION = YES;
				GCC_WARN_UNUSED_VARIABLE = YES;
				IPHONEOS_DEPLOYMENT_TARGET = 10.1;
				MTL_ENABLE_DEBUG_INFO = YES;
				ONLY_ACTIVE_ARCH = YES;
				SDKROOT = iphoneos;
				SWIFT_ACTIVE_COMPILATION_CONDITIONS = DEBUG;
				SWIFT_OPTIMIZATION_LEVEL = "-Onone";
				TARGETED_DEVICE_FAMILY = "1,2";
			};
			name = Debug;
		};
		8026A5F41E281A3400D03817 /* Release */ = {
			isa = XCBuildConfiguration;
			buildSettings = {
				ALWAYS_SEARCH_USER_PATHS = NO;
				CLANG_ANALYZER_NONNULL = YES;
				CLANG_CXX_LANGUAGE_STANDARD = "gnu++0x";
				CLANG_CXX_LIBRARY = "libc++";
				CLANG_ENABLE_MODULES = YES;
				CLANG_ENABLE_OBJC_ARC = YES;
				CLANG_WARN_BOOL_CONVERSION = YES;
				CLANG_WARN_CONSTANT_CONVERSION = YES;
				CLANG_WARN_DIRECT_OBJC_ISA_USAGE = YES_ERROR;
				CLANG_WARN_DOCUMENTATION_COMMENTS = YES;
				CLANG_WARN_EMPTY_BODY = YES;
				CLANG_WARN_ENUM_CONVERSION = YES;
				CLANG_WARN_INFINITE_RECURSION = YES;
				CLANG_WARN_INT_CONVERSION = YES;
				CLANG_WARN_OBJC_ROOT_CLASS = YES_ERROR;
				CLANG_WARN_SUSPICIOUS_MOVE = YES;
				CLANG_WARN_SUSPICIOUS_MOVES = YES;
				CLANG_WARN_UNREACHABLE_CODE = YES;
				CLANG_WARN__DUPLICATE_METHOD_MATCH = YES;
				"CODE_SIGN_IDENTITY[sdk=iphoneos*]" = "iPhone Developer";
				COPY_PHASE_STRIP = NO;
				DEBUG_INFORMATION_FORMAT = "dwarf-with-dsym";
				ENABLE_NS_ASSERTIONS = NO;
				ENABLE_STRICT_OBJC_MSGSEND = YES;
				GCC_C_LANGUAGE_STANDARD = gnu99;
				GCC_NO_COMMON_BLOCKS = YES;
				GCC_WARN_64_TO_32_BIT_CONVERSION = YES;
				GCC_WARN_ABOUT_RETURN_TYPE = YES_ERROR;
				GCC_WARN_UNDECLARED_SELECTOR = YES;
				GCC_WARN_UNINITIALIZED_AUTOS = YES_AGGRESSIVE;
				GCC_WARN_UNUSED_FUNCTION = YES;
				GCC_WARN_UNUSED_VARIABLE = YES;
				IPHONEOS_DEPLOYMENT_TARGET = 10.1;
				MTL_ENABLE_DEBUG_INFO = NO;
				SDKROOT = iphoneos;
				SWIFT_OPTIMIZATION_LEVEL = "-Owholemodule";
				TARGETED_DEVICE_FAMILY = "1,2";
				VALIDATE_PRODUCT = YES;
			};
			name = Release;
		};
		8026A5F61E281A3400D03817 /* Debug */ = {
			isa = XCBuildConfiguration;
			baseConfigurationReference = 557A7BB158D57731E87FDD64 /* Pods-pokedex.debug.xcconfig */;
			buildSettings = {
				ALWAYS_EMBED_SWIFT_STANDARD_LIBRARIES = YES;
				ASSETCATALOG_COMPILER_APPICON_NAME = AppIcon;
				DEVELOPMENT_TEAM = 56P9LV879B;
				INFOPLIST_FILE = pokedex/Info.plist;
				LD_RUNPATH_SEARCH_PATHS = "$(inherited) @executable_path/Frameworks";
				PRODUCT_BUNDLE_IDENTIFIER = com.ibm.cio.be.hslara.pokedex;
				PRODUCT_NAME = "$(TARGET_NAME)";
				SWIFT_VERSION = 3.0;
			};
			name = Debug;
		};
		8026A5F71E281A3400D03817 /* Release */ = {
			isa = XCBuildConfiguration;
			baseConfigurationReference = 7F711858837CA7B90E0D1810 /* Pods-pokedex.release.xcconfig */;
			buildSettings = {
				ALWAYS_EMBED_SWIFT_STANDARD_LIBRARIES = YES;
				ASSETCATALOG_COMPILER_APPICON_NAME = AppIcon;
				DEVELOPMENT_TEAM = 56P9LV879B;
				INFOPLIST_FILE = pokedex/Info.plist;
				LD_RUNPATH_SEARCH_PATHS = "$(inherited) @executable_path/Frameworks";
				PRODUCT_BUNDLE_IDENTIFIER = com.ibm.cio.be.hslara.pokedex;
				PRODUCT_NAME = "$(TARGET_NAME)";
				SWIFT_VERSION = 3.0;
			};
			name = Release;
		};
/* End XCBuildConfiguration section */

/* Begin XCConfigurationList section */
		8026A5DE1E281A3400D03817 /* Build configuration list for PBXProject "pokedex" */ = {
			isa = XCConfigurationList;
			buildConfigurations = (
				8026A5F31E281A3400D03817 /* Debug */,
				8026A5F41E281A3400D03817 /* Release */,
			);
			defaultConfigurationIsVisible = 0;
			defaultConfigurationName = Release;
		};
		8026A5F51E281A3400D03817 /* Build configuration list for PBXNativeTarget "pokedex" */ = {
			isa = XCConfigurationList;
			buildConfigurations = (
				8026A5F61E281A3400D03817 /* Debug */,
				8026A5F71E281A3400D03817 /* Release */,
			);
			defaultConfigurationIsVisible = 0;
			defaultConfigurationName = Release;
		};
/* End XCConfigurationList section */
	};
	rootObject = 8026A5DB1E281A3400D03817 /* Project object */;
}
